
Microsoft Visual Studio Solution File, Format Version 12.00
# Visual Studio Version 17
VisualStudioVersion = 17.0.31903.59
MinimumVisualStudioVersion = 10.0.40219.1
Project("{2150E333-8FDC-42A3-9474-1A3956D46DE8}") = "src", "src", "{827E0CD3-B72D-47B6-A68D-7590B98EB39B}"
EndProject
Project("{FAE04EC0-301F-11D3-BF4B-00C04F79EFBC}") = "BoligInfo.Core", "src\BoligInfo.Core\BoligInfo.Core.csproj", "{1B724153-0AF8-4413-8D7E-E4FA167B963D}"
EndProject
Project("{2150E333-8FDC-42A3-9474-1A3956D46DE8}") = "BoligInfo.Infrastructure", "BoligInfo.Infrastructure", "{39119641-8023-F36C-0DDE-6528CDDCEAAD}"
EndProject
Project("{FAE04EC0-301F-11D3-BF4B-00C04F79EFBC}") = "BoligInfo.Database", "src\BoligInfo.Infrastructure\BoligInfo.Database\BoligInfo.Database.csproj", "{1ABEA644-D1A3-441B-B35C-F05D2BB4E9D1}"
EndProject
Project("{FAE04EC0-301F-11D3-BF4B-00C04F79EFBC}") = "BoligInfo.Repositories", "src\BoligInfo.Infrastructure\BoligInfo.Repositories\BoligInfo.Repositories.csproj", "{C53B3761-CAA7-46BC-BC6A-1F8C083EF947}"
EndProject
Project("{FAE04EC0-301F-11D3-BF4B-00C04F79EFBC}") = "BoligInfo.Services", "src\BoligInfo.Infrastructure\BoligInfo.Services\BoligInfo.Services.csproj", "{65F95B98-1C88-44DB-BA3E-0972062A839E}"
EndProject
Project("{FAE04EC0-301F-11D3-BF4B-00C04F79EFBC}") = "BoligInfo.Api", "src\BoligInfo.Api\BoligInfo.Api.csproj", "{8450931F-FCDE-4350-B4AF-32D33FB6518C}"
EndProject
Project("{2150E333-8FDC-42A3-9474-1A3956D46DE8}") = "test", "test", "{0C88DD14-F956-CE84-757C-A364CCF449FC}"
EndProject
Project("{FAE04EC0-301F-11D3-BF4B-00C04F79EFBC}") = "BoligInfo.Tests", "test\BoligInfo.Tests\BoligInfo.Tests.csproj", "{2CB08721-F238-4F42-B38A-C77064F4097B}"
EndProject
Global
	GlobalSection(SolutionConfigurationPlatforms) = preSolution
		Debug|Any CPU = Debug|Any CPU
		Debug|x64 = Debug|x64
		Debug|x86 = Debug|x86
		Release|Any CPU = Release|Any CPU
		Release|x64 = Release|x64
		Release|x86 = Release|x86
	EndGlobalSection
	GlobalSection(ProjectConfigurationPlatforms) = postSolution
		{1B724153-0AF8-4413-8D7E-E4FA167B963D}.Debug|Any CPU.ActiveCfg = Debug|Any CPU
		{1B724153-0AF8-4413-8D7E-E4FA167B963D}.Debug|Any CPU.Build.0 = Debug|Any CPU
		{1B724153-0AF8-4413-8D7E-E4FA167B963D}.Debug|x64.ActiveCfg = Debug|Any CPU
		{1B724153-0AF8-4413-8D7E-E4FA167B963D}.Debug|x64.Build.0 = Debug|Any CPU
		{1B724153-0AF8-4413-8D7E-E4FA167B963D}.Debug|x86.ActiveCfg = Debug|Any CPU
		{1B724153-0AF8-4413-8D7E-E4FA167B963D}.Debug|x86.Build.0 = Debug|Any CPU
		{1B724153-0AF8-4413-8D7E-E4FA167B963D}.Release|Any CPU.ActiveCfg = Release|Any CPU
		{1B724153-0AF8-4413-8D7E-E4FA167B963D}.Release|Any CPU.Build.0 = Release|Any CPU
		{1B724153-0AF8-4413-8D7E-E4FA167B963D}.Release|x64.ActiveCfg = Release|Any CPU
		{1B724153-0AF8-4413-8D7E-E4FA167B963D}.Release|x64.Build.0 = Release|Any CPU
		{1B724153-0AF8-4413-8D7E-E4FA167B963D}.Release|x86.ActiveCfg = Release|Any CPU
		{1B724153-0AF8-4413-8D7E-E4FA167B963D}.Release|x86.Build.0 = Release|Any CPU
		{1ABEA644-D1A3-441B-B35C-F05D2BB4E9D1}.Debug|Any CPU.ActiveCfg = Debug|Any CPU
		{1ABEA644-D1A3-441B-B35C-F05D2BB4E9D1}.Debug|Any CPU.Build.0 = Debug|Any CPU
		{1ABEA644-D1A3-441B-B35C-F05D2BB4E9D1}.Debug|x64.ActiveCfg = Debug|Any CPU
		{1ABEA644-D1A3-441B-B35C-F05D2BB4E9D1}.Debug|x64.Build.0 = Debug|Any CPU
		{1ABEA644-D1A3-441B-B35C-F05D2BB4E9D1}.Debug|x86.ActiveCfg = Debug|Any CPU
		{1ABEA644-D1A3-441B-B35C-F05D2BB4E9D1}.Debug|x86.Build.0 = Debug|Any CPU
		{1ABEA644-D1A3-441B-B35C-F05D2BB4E9D1}.Release|Any CPU.ActiveCfg = Release|Any CPU
		{1ABEA644-D1A3-441B-B35C-F05D2BB4E9D1}.Release|Any CPU.Build.0 = Release|Any CPU
		{1ABEA644-D1A3-441B-B35C-F05D2BB4E9D1}.Release|x64.ActiveCfg = Release|Any CPU
		{1ABEA644-D1A3-441B-B35C-F05D2BB4E9D1}.Release|x64.Build.0 = Release|Any CPU
		{1ABEA644-D1A3-441B-B35C-F05D2BB4E9D1}.Release|x86.ActiveCfg = Release|Any CPU
		{1ABEA644-D1A3-441B-B35C-F05D2BB4E9D1}.Release|x86.Build.0 = Release|Any CPU
		{C53B3761-CAA7-46BC-BC6A-1F8C083EF947}.Debug|Any CPU.ActiveCfg = Debug|Any CPU
		{C53B3761-CAA7-46BC-BC6A-1F8C083EF947}.Debug|Any CPU.Build.0 = Debug|Any CPU
		{C53B3761-CAA7-46BC-BC6A-1F8C083EF947}.Debug|x64.ActiveCfg = Debug|Any CPU
		{C53B3761-CAA7-46BC-BC6A-1F8C083EF947}.Debug|x64.Build.0 = Debug|Any CPU
		{C53B3761-CAA7-46BC-BC6A-1F8C083EF947}.Debug|x86.ActiveCfg = Debug|Any CPU
		{C53B3761-CAA7-46BC-BC6A-1F8C083EF947}.Debug|x86.Build.0 = Debug|Any CPU
		{C53B3761-CAA7-46BC-BC6A-1F8C083EF947}.Release|Any CPU.ActiveCfg = Release|Any CPU
		{C53B3761-CAA7-46BC-BC6A-1F8C083EF947}.Release|Any CPU.Build.0 = Release|Any CPU
		{C53B3761-CAA7-46BC-BC6A-1F8C083EF947}.Release|x64.ActiveCfg = Release|Any CPU
		{C53B3761-CAA7-46BC-BC6A-1F8C083EF947}.Release|x64.Build.0 = Release|Any CPU
		{C53B3761-CAA7-46BC-BC6A-1F8C083EF947}.Release|x86.ActiveCfg = Release|Any CPU
		{C53B3761-CAA7-46BC-BC6A-1F8C083EF947}.Release|x86.Build.0 = Release|Any CPU
		{65F95B98-1C88-44DB-BA3E-0972062A839E}.Debug|Any CPU.ActiveCfg = Debug|Any CPU
		{65F95B98-1C88-44DB-BA3E-0972062A839E}.Debug|Any CPU.Build.0 = Debug|Any CPU
		{65F95B98-1C88-44DB-BA3E-0972062A839E}.Debug|x64.ActiveCfg = Debug|Any CPU
		{65F95B98-1C88-44DB-BA3E-0972062A839E}.Debug|x64.Build.0 = Debug|Any CPU
		{65F95B98-1C88-44DB-BA3E-0972062A839E}.Debug|x86.ActiveCfg = Debug|Any CPU
		{65F95B98-1C88-44DB-BA3E-0972062A839E}.Debug|x86.Build.0 = Debug|Any CPU
		{65F95B98-1C88-44DB-BA3E-0972062A839E}.Release|Any CPU.ActiveCfg = Release|Any CPU
		{65F95B98-1C88-44DB-BA3E-0972062A839E}.Release|Any CPU.Build.0 = Release|Any CPU
		{65F95B98-1C88-44DB-BA3E-0972062A839E}.Release|x64.ActiveCfg = Release|Any CPU
		{65F95B98-1C88-44DB-BA3E-0972062A839E}.Release|x64.Build.0 = Release|Any CPU
		{65F95B98-1C88-44DB-BA3E-0972062A839E}.Release|x86.ActiveCfg = Release|Any CPU
		{65F95B98-1C88-44DB-BA3E-0972062A839E}.Release|x86.Build.0 = Release|Any CPU
		{8450931F-FCDE-4350-B4AF-32D33FB6518C}.Debug|Any CPU.ActiveCfg = Debug|Any CPU
		{8450931F-FCDE-4350-B4AF-32D33FB6518C}.Debug|Any CPU.Build.0 = Debug|Any CPU
		{8450931F-FCDE-4350-B4AF-32D33FB6518C}.Debug|x64.ActiveCfg = Debug|Any CPU
		{8450931F-FCDE-4350-B4AF-32D33FB6518C}.Debug|x64.Build.0 = Debug|Any CPU
		{8450931F-FCDE-4350-B4AF-32D33FB6518C}.Debug|x86.ActiveCfg = Debug|Any CPU
		{8450931F-FCDE-4350-B4AF-32D33FB6518C}.Debug|x86.Build.0 = Debug|Any CPU
		{8450931F-FCDE-4350-B4AF-32D33FB6518C}.Release|Any CPU.ActiveCfg = Release|Any CPU
		{8450931F-FCDE-4350-B4AF-32D33FB6518C}.Release|Any CPU.Build.0 = Release|Any CPU
		{8450931F-FCDE-4350-B4AF-32D33FB6518C}.Release|x64.ActiveCfg = Release|Any CPU
		{8450931F-FCDE-4350-B4AF-32D33FB6518C}.Release|x64.Build.0 = Release|Any CPU
		{8450931F-FCDE-4350-B4AF-32D33FB6518C}.Release|x86.ActiveCfg = Release|Any CPU
		{8450931F-FCDE-4350-B4AF-32D33FB6518C}.Release|x86.Build.0 = Release|Any CPU
		{2CB08721-F238-4F42-B38A-C77064F4097B}.Debug|Any CPU.ActiveCfg = Debug|Any CPU
		{2CB08721-F238-4F42-B38A-C77064F4097B}.Debug|Any CPU.Build.0 = Debug|Any CPU
		{2CB08721-F238-4F42-B38A-C77064F4097B}.Debug|x64.ActiveCfg = Debug|Any CPU
		{2CB08721-F238-4F42-B38A-C77064F4097B}.Debug|x64.Build.0 = Debug|Any CPU
		{2CB08721-F238-4F42-B38A-C77064F4097B}.Debug|x86.ActiveCfg = Debug|Any CPU
		{2CB08721-F238-4F42-B38A-C77064F4097B}.Debug|x86.Build.0 = Debug|Any CPU
		{2CB08721-F238-4F42-B38A-C77064F4097B}.Release|Any CPU.ActiveCfg = Release|Any CPU
		{2CB08721-F238-4F42-B38A-C77064F4097B}.Release|Any CPU.Build.0 = Release|Any CPU
		{2CB08721-F238-4F42-B38A-C77064F4097B}.Release|x64.ActiveCfg = Release|Any CPU
		{2CB08721-F238-4F42-B38A-C77064F4097B}.Release|x64.Build.0 = Release|Any CPU
		{2CB08721-F238-4F42-B38A-C77064F4097B}.Release|x86.ActiveCfg = Release|Any CPU
		{2CB08721-F238-4F42-B38A-C77064F4097B}.Release|x86.Build.0 = Release|Any CPU
	EndGlobalSection
	GlobalSection(SolutionProperties) = preSolution
		HideSolutionNode = FALSE
	EndGlobalSection
	GlobalSection(NestedProjects) = preSolution
		{1B724153-0AF8-4413-8D7E-E4FA167B963D} = {827E0CD3-B72D-47B6-A68D-7590B98EB39B}
		{39119641-8023-F36C-0DDE-6528CDDCEAAD} = {827E0CD3-B72D-47B6-A68D-7590B98EB39B}
		{1ABEA644-D1A3-441B-B35C-F05D2BB4E9D1} = {39119641-8023-F36C-0DDE-6528CDDCEAAD}
		{C53B3761-CAA7-46BC-BC6A-1F8C083EF947} = {39119641-8023-F36C-0DDE-6528CDDCEAAD}
		{65F95B98-1C88-44DB-BA3E-0972062A839E} = {39119641-8023-F36C-0DDE-6528CDDCEAAD}
		{8450931F-FCDE-4350-B4AF-32D33FB6518C} = {827E0CD3-B72D-47B6-A68D-7590B98EB39B}
		{2CB08721-F238-4F42-B38A-C77064F4097B} = {0C88DD14-F956-CE84-757C-A364CCF449FC}
	EndGlobalSection
EndGlobal
