
Microsoft Visual Studio Solution File, Format Version 12.00
# Visual Studio Version 17
VisualStudioVersion = 17.0.31903.59
MinimumVisualStudioVersion = 10.0.40219.1
Project("{2150E333-8FDC-42A3-9474-1A3956D46DE8}") = "src", "src", "{827E0CD3-B72D-47B6-A68D-7590B98EB39B}"
EndProject
Project("{FAE04EC0-301F-11D3-BF4B-00C04F79EFBC}") = "BoligInfo.Core", "src\BoligInfo.Core\BoligInfo.Core.csproj", "{1B724153-0AF8-4413-8D7E-E4FA167B963D}"
EndProject
Project("{2150E333-8FDC-42A3-9474-1A3956D46DE8}") = "BoligInfo.Infrastructure", "BoligInfo.Infrastructure", "{39119641-8023-F36C-0DDE-6528CDDCEAAD}"
EndProject
Project("{FAE04EC0-301F-11D3-BF4B-00C04F79EFBC}") = "BoligInfo.Database", "src\BoligInfo.Infrastructure\BoligInfo.Database\BoligInfo.Database.csproj", "{1ABEA644-D1A3-441B-B35C-F05D2BB4E9D1}"
EndProject
Project("{FAE04EC0-301F-11D3-BF4B-00C04F79EFBC}") = "BoligInfo.Api", "src\BoligInfo.Api\BoligInfo.Api.csproj", "{8450931F-FCDE-4350-B4AF-32D33FB6518C}"
EndProject
Project("{2150E333-8FDC-42A3-9474-1A3956D46DE8}") = "test", "test", "{0C88DD14-F956-CE84-757C-A364CCF449FC}"
EndProject
Project("{2150E333-8FDC-42A3-9474-1A3956D46DE8}") = "BoligInfo.Repositories", "BoligInfo.Repositories", "{755A62C0-3E19-C02F-3862-A9701CE6BC49}"
EndProject
Project("{FAE04EC0-301F-11D3-BF4B-00C04F79EFBC}") = "BoligInfo.LoanRepository", "src\BoligInfo.Infrastructure\BoligInfo.Repositories\BoligInfo.LoanRepository\BoligInfo.LoanRepository.csproj", "{2D7E015E-7221-4DDE-B5D8-A5A950E8AD1C}"
EndProject
Project("{FAE04EC0-301F-11D3-BF4B-00C04F79EFBC}") = "BoligInfo.EquityRepository", "src\BoligInfo.Infrastructure\BoligInfo.Repositories\BoligInfo.EquityRepository\BoligInfo.EquityRepository.csproj", "{4085A3C9-38BB-4EDB-A524-B0EACFC45E4E}"
EndProject
Project("{FAE04EC0-301F-11D3-BF4B-00C04F79EFBC}") = "BoligInfo.CashRepository", "src\BoligInfo.Infrastructure\BoligInfo.Repositories\BoligInfo.CashRepository\BoligInfo.CashRepository.csproj", "{8C93BA88-AA1A-4349-B195-4E4DE25FF754}"
EndProject
Project("{2150E333-8FDC-42A3-9474-1A3956D46DE8}") = "BoligInfo.Services", "BoligInfo.Services", "{3756C3E6-9636-8392-5FF0-4498A42E6C34}"
EndProject
Project("{FAE04EC0-301F-11D3-BF4B-00C04F79EFBC}") = "BoligInfo.EquityService", "src\BoligInfo.Infrastructure\BoligInfo.Services\BoligInfo.EquityService\BoligInfo.EquityService.csproj", "{BA614840-748C-479B-81CD-0B96FE0883B7}"
EndProject
Project("{FAE04EC0-301F-11D3-BF4B-00C04F79EFBC}") = "BoligInfo.LoanService", "src\BoligInfo.Infrastructure\BoligInfo.Services\BoligInfo.LoanService\BoligInfo.LoanService.csproj", "{46941511-FAC6-4C80-8ECA-1FEE327F1AE3}"
EndProject
Project("{FAE04EC0-301F-11D3-BF4B-00C04F79EFBC}") = "BoligInfo.CashService", "src\BoligInfo.Infrastructure\BoligInfo.Services\BoligInfo.CashService\BoligInfo.CashService.csproj", "{D7EA4282-4BEA-44B8-A9C0-B5F0F70557D3}"
EndProject
Project("{FAE04EC0-301F-11D3-BF4B-00C04F79EFBC}") = "BoligInfo.Tests.Integration", "test\BoligInfo.Tests.Integration\BoligInfo.Tests.Integration.csproj", "{C73F2E7D-D99F-4F1F-A6E6-41ACE6266956}"
EndProject
Global
	GlobalSection(SolutionConfigurationPlatforms) = preSolution
		Debug|Any CPU = Debug|Any CPU
		Debug|x64 = Debug|x64
		Debug|x86 = Debug|x86
		Release|Any CPU = Release|Any CPU
		Release|x64 = Release|x64
		Release|x86 = Release|x86
	EndGlobalSection
	GlobalSection(ProjectConfigurationPlatforms) = postSolution
		{1B724153-0AF8-4413-8D7E-E4FA167B963D}.Debug|Any CPU.ActiveCfg = Debug|Any CPU
		{1B724153-0AF8-4413-8D7E-E4FA167B963D}.Debug|Any CPU.Build.0 = Debug|Any CPU
		{1B724153-0AF8-4413-8D7E-E4FA167B963D}.Debug|x64.ActiveCfg = Debug|Any CPU
		{1B724153-0AF8-4413-8D7E-E4FA167B963D}.Debug|x64.Build.0 = Debug|Any CPU
		{1B724153-0AF8-4413-8D7E-E4FA167B963D}.Debug|x86.ActiveCfg = Debug|Any CPU
		{1B724153-0AF8-4413-8D7E-E4FA167B963D}.Debug|x86.Build.0 = Debug|Any CPU
		{1B724153-0AF8-4413-8D7E-E4FA167B963D}.Release|Any CPU.ActiveCfg = Release|Any CPU
		{1B724153-0AF8-4413-8D7E-E4FA167B963D}.Release|Any CPU.Build.0 = Release|Any CPU
		{1B724153-0AF8-4413-8D7E-E4FA167B963D}.Release|x64.ActiveCfg = Release|Any CPU
		{1B724153-0AF8-4413-8D7E-E4FA167B963D}.Release|x64.Build.0 = Release|Any CPU
		{1B724153-0AF8-4413-8D7E-E4FA167B963D}.Release|x86.ActiveCfg = Release|Any CPU
		{1B724153-0AF8-4413-8D7E-E4FA167B963D}.Release|x86.Build.0 = Release|Any CPU
		{1ABEA644-D1A3-441B-B35C-F05D2BB4E9D1}.Debug|Any CPU.ActiveCfg = Debug|Any CPU
		{1ABEA644-D1A3-441B-B35C-F05D2BB4E9D1}.Debug|Any CPU.Build.0 = Debug|Any CPU
		{1ABEA644-D1A3-441B-B35C-F05D2BB4E9D1}.Debug|x64.ActiveCfg = Debug|Any CPU
		{1ABEA644-D1A3-441B-B35C-F05D2BB4E9D1}.Debug|x64.Build.0 = Debug|Any CPU
		{1ABEA644-D1A3-441B-B35C-F05D2BB4E9D1}.Debug|x86.ActiveCfg = Debug|Any CPU
		{1ABEA644-D1A3-441B-B35C-F05D2BB4E9D1}.Debug|x86.Build.0 = Debug|Any CPU
		{1ABEA644-D1A3-441B-B35C-F05D2BB4E9D1}.Release|Any CPU.ActiveCfg = Release|Any CPU
		{1ABEA644-D1A3-441B-B35C-F05D2BB4E9D1}.Release|Any CPU.Build.0 = Release|Any CPU
		{1ABEA644-D1A3-441B-B35C-F05D2BB4E9D1}.Release|x64.ActiveCfg = Release|Any CPU
		{1ABEA644-D1A3-441B-B35C-F05D2BB4E9D1}.Release|x64.Build.0 = Release|Any CPU
		{1ABEA644-D1A3-441B-B35C-F05D2BB4E9D1}.Release|x86.ActiveCfg = Release|Any CPU
		{1ABEA644-D1A3-441B-B35C-F05D2BB4E9D1}.Release|x86.Build.0 = Release|Any CPU
		{8450931F-FCDE-4350-B4AF-32D33FB6518C}.Debug|Any CPU.ActiveCfg = Debug|Any CPU
		{8450931F-FCDE-4350-B4AF-32D33FB6518C}.Debug|Any CPU.Build.0 = Debug|Any CPU
		{8450931F-FCDE-4350-B4AF-32D33FB6518C}.Debug|x64.ActiveCfg = Debug|Any CPU
		{8450931F-FCDE-4350-B4AF-32D33FB6518C}.Debug|x64.Build.0 = Debug|Any CPU
		{8450931F-FCDE-4350-B4AF-32D33FB6518C}.Debug|x86.ActiveCfg = Debug|Any CPU
		{8450931F-FCDE-4350-B4AF-32D33FB6518C}.Debug|x86.Build.0 = Debug|Any CPU
		{8450931F-FCDE-4350-B4AF-32D33FB6518C}.Release|Any CPU.ActiveCfg = Release|Any CPU
		{8450931F-FCDE-4350-B4AF-32D33FB6518C}.Release|Any CPU.Build.0 = Release|Any CPU
		{8450931F-FCDE-4350-B4AF-32D33FB6518C}.Release|x64.ActiveCfg = Release|Any CPU
		{8450931F-FCDE-4350-B4AF-32D33FB6518C}.Release|x64.Build.0 = Release|Any CPU
		{8450931F-FCDE-4350-B4AF-32D33FB6518C}.Release|x86.ActiveCfg = Release|Any CPU
		{8450931F-FCDE-4350-B4AF-32D33FB6518C}.Release|x86.Build.0 = Release|Any CPU
		{2D7E015E-7221-4DDE-B5D8-A5A950E8AD1C}.Debug|Any CPU.ActiveCfg = Debug|Any CPU
		{2D7E015E-7221-4DDE-B5D8-A5A950E8AD1C}.Debug|Any CPU.Build.0 = Debug|Any CPU
		{2D7E015E-7221-4DDE-B5D8-A5A950E8AD1C}.Debug|x64.ActiveCfg = Debug|Any CPU
		{2D7E015E-7221-4DDE-B5D8-A5A950E8AD1C}.Debug|x64.Build.0 = Debug|Any CPU
		{2D7E015E-7221-4DDE-B5D8-A5A950E8AD1C}.Debug|x86.ActiveCfg = Debug|Any CPU
		{2D7E015E-7221-4DDE-B5D8-A5A950E8AD1C}.Debug|x86.Build.0 = Debug|Any CPU
		{2D7E015E-7221-4DDE-B5D8-A5A950E8AD1C}.Release|Any CPU.ActiveCfg = Release|Any CPU
		{2D7E015E-7221-4DDE-B5D8-A5A950E8AD1C}.Release|Any CPU.Build.0 = Release|Any CPU
		{2D7E015E-7221-4DDE-B5D8-A5A950E8AD1C}.Release|x64.ActiveCfg = Release|Any CPU
		{2D7E015E-7221-4DDE-B5D8-A5A950E8AD1C}.Release|x64.Build.0 = Release|Any CPU
		{2D7E015E-7221-4DDE-B5D8-A5A950E8AD1C}.Release|x86.ActiveCfg = Release|Any CPU
		{2D7E015E-7221-4DDE-B5D8-A5A950E8AD1C}.Release|x86.Build.0 = Release|Any CPU
		{4085A3C9-38BB-4EDB-A524-B0EACFC45E4E}.Debug|Any CPU.ActiveCfg = Debug|Any CPU
		{4085A3C9-38BB-4EDB-A524-B0EACFC45E4E}.Debug|Any CPU.Build.0 = Debug|Any CPU
		{4085A3C9-38BB-4EDB-A524-B0EACFC45E4E}.Debug|x64.ActiveCfg = Debug|Any CPU
		{4085A3C9-38BB-4EDB-A524-B0EACFC45E4E}.Debug|x64.Build.0 = Debug|Any CPU
		{4085A3C9-38BB-4EDB-A524-B0EACFC45E4E}.Debug|x86.ActiveCfg = Debug|Any CPU
		{4085A3C9-38BB-4EDB-A524-B0EACFC45E4E}.Debug|x86.Build.0 = Debug|Any CPU
		{4085A3C9-38BB-4EDB-A524-B0EACFC45E4E}.Release|Any CPU.ActiveCfg = Release|Any CPU
		{4085A3C9-38BB-4EDB-A524-B0EACFC45E4E}.Release|Any CPU.Build.0 = Release|Any CPU
		{4085A3C9-38BB-4EDB-A524-B0EACFC45E4E}.Release|x64.ActiveCfg = Release|Any CPU
		{4085A3C9-38BB-4EDB-A524-B0EACFC45E4E}.Release|x64.Build.0 = Release|Any CPU
		{4085A3C9-38BB-4EDB-A524-B0EACFC45E4E}.Release|x86.ActiveCfg = Release|Any CPU
		{4085A3C9-38BB-4EDB-A524-B0EACFC45E4E}.Release|x86.Build.0 = Release|Any CPU
		{8C93BA88-AA1A-4349-B195-4E4DE25FF754}.Debug|Any CPU.ActiveCfg = Debug|Any CPU
		{8C93BA88-AA1A-4349-B195-4E4DE25FF754}.Debug|Any CPU.Build.0 = Debug|Any CPU
		{8C93BA88-AA1A-4349-B195-4E4DE25FF754}.Debug|x64.ActiveCfg = Debug|Any CPU
		{8C93BA88-AA1A-4349-B195-4E4DE25FF754}.Debug|x64.Build.0 = Debug|Any CPU
		{8C93BA88-AA1A-4349-B195-4E4DE25FF754}.Debug|x86.ActiveCfg = Debug|Any CPU
		{8C93BA88-AA1A-4349-B195-4E4DE25FF754}.Debug|x86.Build.0 = Debug|Any CPU
		{8C93BA88-AA1A-4349-B195-4E4DE25FF754}.Release|Any CPU.ActiveCfg = Release|Any CPU
		{8C93BA88-AA1A-4349-B195-4E4DE25FF754}.Release|Any CPU.Build.0 = Release|Any CPU
		{8C93BA88-AA1A-4349-B195-4E4DE25FF754}.Release|x64.ActiveCfg = Release|Any CPU
		{8C93BA88-AA1A-4349-B195-4E4DE25FF754}.Release|x64.Build.0 = Release|Any CPU
		{8C93BA88-AA1A-4349-B195-4E4DE25FF754}.Release|x86.ActiveCfg = Release|Any CPU
		{8C93BA88-AA1A-4349-B195-4E4DE25FF754}.Release|x86.Build.0 = Release|Any CPU
		{BA614840-748C-479B-81CD-0B96FE0883B7}.Debug|Any CPU.ActiveCfg = Debug|Any CPU
		{BA614840-748C-479B-81CD-0B96FE0883B7}.Debug|Any CPU.Build.0 = Debug|Any CPU
		{BA614840-748C-479B-81CD-0B96FE0883B7}.Debug|x64.ActiveCfg = Debug|Any CPU
		{BA614840-748C-479B-81CD-0B96FE0883B7}.Debug|x64.Build.0 = Debug|Any CPU
		{BA614840-748C-479B-81CD-0B96FE0883B7}.Debug|x86.ActiveCfg = Debug|Any CPU
		{BA614840-748C-479B-81CD-0B96FE0883B7}.Debug|x86.Build.0 = Debug|Any CPU
		{BA614840-748C-479B-81CD-0B96FE0883B7}.Release|Any CPU.ActiveCfg = Release|Any CPU
		{BA614840-748C-479B-81CD-0B96FE0883B7}.Release|Any CPU.Build.0 = Release|Any CPU
		{BA614840-748C-479B-81CD-0B96FE0883B7}.Release|x64.ActiveCfg = Release|Any CPU
		{BA614840-748C-479B-81CD-0B96FE0883B7}.Release|x64.Build.0 = Release|Any CPU
		{BA614840-748C-479B-81CD-0B96FE0883B7}.Release|x86.ActiveCfg = Release|Any CPU
		{BA614840-748C-479B-81CD-0B96FE0883B7}.Release|x86.Build.0 = Release|Any CPU
		{46941511-FAC6-4C80-8ECA-1FEE327F1AE3}.Debug|Any CPU.ActiveCfg = Debug|Any CPU
		{46941511-FAC6-4C80-8ECA-1FEE327F1AE3}.Debug|Any CPU.Build.0 = Debug|Any CPU
		{46941511-FAC6-4C80-8ECA-1FEE327F1AE3}.Debug|x64.ActiveCfg = Debug|Any CPU
		{46941511-FAC6-4C80-8ECA-1FEE327F1AE3}.Debug|x64.Build.0 = Debug|Any CPU
		{46941511-FAC6-4C80-8ECA-1FEE327F1AE3}.Debug|x86.ActiveCfg = Debug|Any CPU
		{46941511-FAC6-4C80-8ECA-1FEE327F1AE3}.Debug|x86.Build.0 = Debug|Any CPU
		{46941511-FAC6-4C80-8ECA-1FEE327F1AE3}.Release|Any CPU.ActiveCfg = Release|Any CPU
		{46941511-FAC6-4C80-8ECA-1FEE327F1AE3}.Release|Any CPU.Build.0 = Release|Any CPU
		{46941511-FAC6-4C80-8ECA-1FEE327F1AE3}.Release|x64.ActiveCfg = Release|Any CPU
		{46941511-FAC6-4C80-8ECA-1FEE327F1AE3}.Release|x64.Build.0 = Release|Any CPU
		{46941511-FAC6-4C80-8ECA-1FEE327F1AE3}.Release|x86.ActiveCfg = Release|Any CPU
		{46941511-FAC6-4C80-8ECA-1FEE327F1AE3}.Release|x86.Build.0 = Release|Any CPU
		{D7EA4282-4BEA-44B8-A9C0-B5F0F70557D3}.Debug|Any CPU.ActiveCfg = Debug|Any CPU
		{D7EA4282-4BEA-44B8-A9C0-B5F0F70557D3}.Debug|Any CPU.Build.0 = Debug|Any CPU
		{D7EA4282-4BEA-44B8-A9C0-B5F0F70557D3}.Debug|x64.ActiveCfg = Debug|Any CPU
		{D7EA4282-4BEA-44B8-A9C0-B5F0F70557D3}.Debug|x64.Build.0 = Debug|Any CPU
		{D7EA4282-4BEA-44B8-A9C0-B5F0F70557D3}.Debug|x86.ActiveCfg = Debug|Any CPU
		{D7EA4282-4BEA-44B8-A9C0-B5F0F70557D3}.Debug|x86.Build.0 = Debug|Any CPU
		{D7EA4282-4BEA-44B8-A9C0-B5F0F70557D3}.Release|Any CPU.ActiveCfg = Release|Any CPU
		{D7EA4282-4BEA-44B8-A9C0-B5F0F70557D3}.Release|Any CPU.Build.0 = Release|Any CPU
		{D7EA4282-4BEA-44B8-A9C0-B5F0F70557D3}.Release|x64.ActiveCfg = Release|Any CPU
		{D7EA4282-4BEA-44B8-A9C0-B5F0F70557D3}.Release|x64.Build.0 = Release|Any CPU
		{D7EA4282-4BEA-44B8-A9C0-B5F0F70557D3}.Release|x86.ActiveCfg = Release|Any CPU
		{D7EA4282-4BEA-44B8-A9C0-B5F0F70557D3}.Release|x86.Build.0 = Release|Any CPU
		{C73F2E7D-D99F-4F1F-A6E6-41ACE6266956}.Debug|Any CPU.ActiveCfg = Debug|Any CPU
		{C73F2E7D-D99F-4F1F-A6E6-41ACE6266956}.Debug|Any CPU.Build.0 = Debug|Any CPU
		{C73F2E7D-D99F-4F1F-A6E6-41ACE6266956}.Debug|x64.ActiveCfg = Debug|Any CPU
		{C73F2E7D-D99F-4F1F-A6E6-41ACE6266956}.Debug|x64.Build.0 = Debug|Any CPU
		{C73F2E7D-D99F-4F1F-A6E6-41ACE6266956}.Debug|x86.ActiveCfg = Debug|Any CPU
		{C73F2E7D-D99F-4F1F-A6E6-41ACE6266956}.Debug|x86.Build.0 = Debug|Any CPU
		{C73F2E7D-D99F-4F1F-A6E6-41ACE6266956}.Release|Any CPU.ActiveCfg = Release|Any CPU
		{C73F2E7D-D99F-4F1F-A6E6-41ACE6266956}.Release|Any CPU.Build.0 = Release|Any CPU
		{C73F2E7D-D99F-4F1F-A6E6-41ACE6266956}.Release|x64.ActiveCfg = Release|Any CPU
		{C73F2E7D-D99F-4F1F-A6E6-41ACE6266956}.Release|x64.Build.0 = Release|Any CPU
		{C73F2E7D-D99F-4F1F-A6E6-41ACE6266956}.Release|x86.ActiveCfg = Release|Any CPU
		{C73F2E7D-D99F-4F1F-A6E6-41ACE6266956}.Release|x86.Build.0 = Release|Any CPU
	EndGlobalSection
	GlobalSection(SolutionProperties) = preSolution
		HideSolutionNode = FALSE
	EndGlobalSection
	GlobalSection(NestedProjects) = preSolution
		{1B724153-0AF8-4413-8D7E-E4FA167B963D} = {827E0CD3-B72D-47B6-A68D-7590B98EB39B}
		{39119641-8023-F36C-0DDE-6528CDDCEAAD} = {827E0CD3-B72D-47B6-A68D-7590B98EB39B}
		{1ABEA644-D1A3-441B-B35C-F05D2BB4E9D1} = {39119641-8023-F36C-0DDE-6528CDDCEAAD}
		{8450931F-FCDE-4350-B4AF-32D33FB6518C} = {827E0CD3-B72D-47B6-A68D-7590B98EB39B}
		{755A62C0-3E19-C02F-3862-A9701CE6BC49} = {39119641-8023-F36C-0DDE-6528CDDCEAAD}
		{2D7E015E-7221-4DDE-B5D8-A5A950E8AD1C} = {755A62C0-3E19-C02F-3862-A9701CE6BC49}
		{4085A3C9-38BB-4EDB-A524-B0EACFC45E4E} = {755A62C0-3E19-C02F-3862-A9701CE6BC49}
		{8C93BA88-AA1A-4349-B195-4E4DE25FF754} = {755A62C0-3E19-C02F-3862-A9701CE6BC49}
		{3756C3E6-9636-8392-5FF0-4498A42E6C34} = {39119641-8023-F36C-0DDE-6528CDDCEAAD}
		{BA614840-748C-479B-81CD-0B96FE0883B7} = {3756C3E6-9636-8392-5FF0-4498A42E6C34}
		{46941511-FAC6-4C80-8ECA-1FEE327F1AE3} = {3756C3E6-9636-8392-5FF0-4498A42E6C34}
		{D7EA4282-4BEA-44B8-A9C0-B5F0F70557D3} = {3756C3E6-9636-8392-5FF0-4498A42E6C34}
		{C73F2E7D-D99F-4F1F-A6E6-41ACE6266956} = {0C88DD14-F956-CE84-757C-A364CCF449FC}
	EndGlobalSection
EndGlobal
